// !$*UTF8*$!
{
	archiveVersion = 1;
	classes = {
	};
	objectVersion = 56;
	objects = {

/* Begin PBXBuildFile section */
		E018ACB42C00F703008B82B8 /* ImageProcessor.swift in Sources */ = {isa = PBXBuildFile; fileRef = E018ACB32C00F703008B82B8 /* ImageProcessor.swift */; };
		E059F16C2C0221E10090C54F /* PhotosCoordinator.swift in Sources */ = {isa = PBXBuildFile; fileRef = E059F16B2C0221E10090C54F /* PhotosCoordinator.swift */; };
		E059F16E2C0227780090C54F /* PhotoDetailsViewController.swift in Sources */ = {isa = PBXBuildFile; fileRef = E059F16D2C0227780090C54F /* PhotoDetailsViewController.swift */; };
		E059F1702C02278E0090C54F /* PhotoDetailsViewModel.swift in Sources */ = {isa = PBXBuildFile; fileRef = E059F16F2C02278E0090C54F /* PhotoDetailsViewModel.swift */; };
		E059F1722C023E220090C54F /* PhotoDetailsViewModelTests.swift in Sources */ = {isa = PBXBuildFile; fileRef = E059F1712C023E220090C54F /* PhotoDetailsViewModelTests.swift */; };
		E059F1742C0249CA0090C54F /* PhotoItemCellViewModelTests.swift in Sources */ = {isa = PBXBuildFile; fileRef = E059F1732C0249CA0090C54F /* PhotoItemCellViewModelTests.swift */; };
		E059F1762C024A0E0090C54F /* MockImageProcessor.swift in Sources */ = {isa = PBXBuildFile; fileRef = E059F1752C024A0E0090C54F /* MockImageProcessor.swift */; };
		E07FCF2A2BFF4693003F7649 /* AppDelegate.swift in Sources */ = {isa = PBXBuildFile; fileRef = E07FCF292BFF4693003F7649 /* AppDelegate.swift */; };
		E07FCF2C2BFF4693003F7649 /* SceneDelegate.swift in Sources */ = {isa = PBXBuildFile; fileRef = E07FCF2B2BFF4693003F7649 /* SceneDelegate.swift */; };
		E07FCF332BFF4695003F7649 /* Assets.xcassets in Resources */ = {isa = PBXBuildFile; fileRef = E07FCF322BFF4695003F7649 /* Assets.xcassets */; };
		E07FCF362BFF4695003F7649 /* Base in Resources */ = {isa = PBXBuildFile; fileRef = E07FCF352BFF4695003F7649 /* Base */; };
		E07FCF5A2BFF47C3003F7649 /* HTTPClient.swift in Sources */ = {isa = PBXBuildFile; fileRef = E07FCF592BFF47C3003F7649 /* HTTPClient.swift */; };
		E07FCF5D2BFF519A003F7649 /* Photos.swift in Sources */ = {isa = PBXBuildFile; fileRef = E07FCF5C2BFF519A003F7649 /* Photos.swift */; };
		E07FCF5F2BFF6C06003F7649 /* RemotePhotosLoader.swift in Sources */ = {isa = PBXBuildFile; fileRef = E07FCF5E2BFF6C06003F7649 /* RemotePhotosLoader.swift */; };
		E07FCF612BFF6C70003F7649 /* PhotosMapper.swift in Sources */ = {isa = PBXBuildFile; fileRef = E07FCF602BFF6C70003F7649 /* PhotosMapper.swift */; };
		E07FCF632BFF7111003F7649 /* LoadPhotosFromRemoteUseCaseTests.swift in Sources */ = {isa = PBXBuildFile; fileRef = E07FCF622BFF7111003F7649 /* LoadPhotosFromRemoteUseCaseTests.swift */; };
		E07FCF652BFF7164003F7649 /* XCTestCase+Helper.swift in Sources */ = {isa = PBXBuildFile; fileRef = E07FCF642BFF7164003F7649 /* XCTestCase+Helper.swift */; };
		E07FCF682BFF71B0003F7649 /* MockHTTPClient.swift in Sources */ = {isa = PBXBuildFile; fileRef = E07FCF672BFF71B0003F7649 /* MockHTTPClient.swift */; };
		E07FCF6A2BFF750E003F7649 /* ListPhotos+Maker.swift in Sources */ = {isa = PBXBuildFile; fileRef = E07FCF692BFF750E003F7649 /* ListPhotos+Maker.swift */; };
		E07FCF6C2BFF99BB003F7649 /* PhotosViewController.swift in Sources */ = {isa = PBXBuildFile; fileRef = E07FCF6B2BFF99BB003F7649 /* PhotosViewController.swift */; };
		E07FCF6F2BFF9E0B003F7649 /* PhotosViewModel.swift in Sources */ = {isa = PBXBuildFile; fileRef = E07FCF6E2BFF9E0B003F7649 /* PhotosViewModel.swift */; };
		E07FCF712BFFA15F003F7649 /* PhotoItemCell.swift in Sources */ = {isa = PBXBuildFile; fileRef = E07FCF702BFFA15F003F7649 /* PhotoItemCell.swift */; };
		E07FCF752BFFA301003F7649 /* PhotoItemCellViewModel.swift in Sources */ = {isa = PBXBuildFile; fileRef = E07FCF742BFFA301003F7649 /* PhotoItemCellViewModel.swift */; };
		E0A0850B2C048F6E004F7895 /* Photos.strings in Resources */ = {isa = PBXBuildFile; fileRef = E0A085092C048F6E004F7895 /* Photos.strings */; };
		E0A0850D2C04907E004F7895 /* PhotosLocalized.swift in Sources */ = {isa = PBXBuildFile; fileRef = E0A0850C2C04907E004F7895 /* PhotosLocalized.swift */; };
		E0A0850F2C0496D6004F7895 /* Error+Localized.swift in Sources */ = {isa = PBXBuildFile; fileRef = E0A0850E2C0496D6004F7895 /* Error+Localized.swift */; };
		E0A085142C04B2D6004F7895 /* LocalizedErrorTests.swift in Sources */ = {isa = PBXBuildFile; fileRef = E0A085132C04B2D6004F7895 /* LocalizedErrorTests.swift */; };
		E0EAD4932C038D0300DD118B /* SpyPhotoCoordinatorDelegate.swift in Sources */ = {isa = PBXBuildFile; fileRef = E0EAD4922C038D0300DD118B /* SpyPhotoCoordinatorDelegate.swift */; };
		E0F6C0882C037B180001A0C8 /* ImageCacheService.swift in Sources */ = {isa = PBXBuildFile; fileRef = E0F6C0872C037B180001A0C8 /* ImageCacheService.swift */; };
		E0F6C08A2C0383F50001A0C8 /* CGImage+Maker.swift in Sources */ = {isa = PBXBuildFile; fileRef = E0F6C0892C0383F50001A0C8 /* CGImage+Maker.swift */; };
		E0F6C08C2C0385370001A0C8 /* PhotosViewModelTests.swift in Sources */ = {isa = PBXBuildFile; fileRef = E0F6C08B2C0385370001A0C8 /* PhotosViewModelTests.swift */; };
/* End PBXBuildFile section */

/* Begin PBXContainerItemProxy section */
		E07FCF3D2BFF4695003F7649 /* PBXContainerItemProxy */ = {
			isa = PBXContainerItemProxy;
			containerPortal = E07FCF1E2BFF4693003F7649 /* Project object */;
			proxyType = 1;
			remoteGlobalIDString = E07FCF252BFF4693003F7649;
			remoteInfo = Fotos;
		};
/* End PBXContainerItemProxy section */

/* Begin PBXFileReference section */
		E018ACB32C00F703008B82B8 /* ImageProcessor.swift */ = {isa = PBXFileReference; lastKnownFileType = sourcecode.swift; path = ImageProcessor.swift; sourceTree = "<group>"; };
		E059F16B2C0221E10090C54F /* PhotosCoordinator.swift */ = {isa = PBXFileReference; lastKnownFileType = sourcecode.swift; path = PhotosCoordinator.swift; sourceTree = "<group>"; };
		E059F16D2C0227780090C54F /* PhotoDetailsViewController.swift */ = {isa = PBXFileReference; lastKnownFileType = sourcecode.swift; path = PhotoDetailsViewController.swift; sourceTree = "<group>"; };
		E059F16F2C02278E0090C54F /* PhotoDetailsViewModel.swift */ = {isa = PBXFileReference; lastKnownFileType = sourcecode.swift; path = PhotoDetailsViewModel.swift; sourceTree = "<group>"; };
		E059F1712C023E220090C54F /* PhotoDetailsViewModelTests.swift */ = {isa = PBXFileReference; lastKnownFileType = sourcecode.swift; path = PhotoDetailsViewModelTests.swift; sourceTree = "<group>"; };
		E059F1732C0249CA0090C54F /* PhotoItemCellViewModelTests.swift */ = {isa = PBXFileReference; lastKnownFileType = sourcecode.swift; path = PhotoItemCellViewModelTests.swift; sourceTree = "<group>"; };
		E059F1752C024A0E0090C54F /* MockImageProcessor.swift */ = {isa = PBXFileReference; lastKnownFileType = sourcecode.swift; path = MockImageProcessor.swift; sourceTree = "<group>"; };
		E07FCF262BFF4693003F7649 /* Fotos.app */ = {isa = PBXFileReference; explicitFileType = wrapper.application; includeInIndex = 0; path = Fotos.app; sourceTree = BUILT_PRODUCTS_DIR; };
		E07FCF292BFF4693003F7649 /* AppDelegate.swift */ = {isa = PBXFileReference; lastKnownFileType = sourcecode.swift; path = AppDelegate.swift; sourceTree = "<group>"; };
		E07FCF2B2BFF4693003F7649 /* SceneDelegate.swift */ = {isa = PBXFileReference; lastKnownFileType = sourcecode.swift; path = SceneDelegate.swift; sourceTree = "<group>"; };
		E07FCF322BFF4695003F7649 /* Assets.xcassets */ = {isa = PBXFileReference; lastKnownFileType = folder.assetcatalog; path = Assets.xcassets; sourceTree = "<group>"; };
		E07FCF352BFF4695003F7649 /* Base */ = {isa = PBXFileReference; lastKnownFileType = file.storyboard; name = Base; path = Base.lproj/LaunchScreen.storyboard; sourceTree = "<group>"; };
		E07FCF372BFF4695003F7649 /* Info.plist */ = {isa = PBXFileReference; lastKnownFileType = text.plist.xml; path = Info.plist; sourceTree = "<group>"; };
		E07FCF3C2BFF4695003F7649 /* FotosTests.xctest */ = {isa = PBXFileReference; explicitFileType = wrapper.cfbundle; includeInIndex = 0; path = FotosTests.xctest; sourceTree = BUILT_PRODUCTS_DIR; };
		E07FCF592BFF47C3003F7649 /* HTTPClient.swift */ = {isa = PBXFileReference; lastKnownFileType = sourcecode.swift; path = HTTPClient.swift; sourceTree = "<group>"; };
		E07FCF5C2BFF519A003F7649 /* Photos.swift */ = {isa = PBXFileReference; lastKnownFileType = sourcecode.swift; path = Photos.swift; sourceTree = "<group>"; };
		E07FCF5E2BFF6C06003F7649 /* RemotePhotosLoader.swift */ = {isa = PBXFileReference; lastKnownFileType = sourcecode.swift; path = RemotePhotosLoader.swift; sourceTree = "<group>"; };
		E07FCF602BFF6C70003F7649 /* PhotosMapper.swift */ = {isa = PBXFileReference; lastKnownFileType = sourcecode.swift; path = PhotosMapper.swift; sourceTree = "<group>"; };
		E07FCF622BFF7111003F7649 /* LoadPhotosFromRemoteUseCaseTests.swift */ = {isa = PBXFileReference; lastKnownFileType = sourcecode.swift; path = LoadPhotosFromRemoteUseCaseTests.swift; sourceTree = "<group>"; };
		E07FCF642BFF7164003F7649 /* XCTestCase+Helper.swift */ = {isa = PBXFileReference; lastKnownFileType = sourcecode.swift; path = "XCTestCase+Helper.swift"; sourceTree = "<group>"; };
		E07FCF672BFF71B0003F7649 /* MockHTTPClient.swift */ = {isa = PBXFileReference; lastKnownFileType = sourcecode.swift; path = MockHTTPClient.swift; sourceTree = "<group>"; };
		E07FCF692BFF750E003F7649 /* ListPhotos+Maker.swift */ = {isa = PBXFileReference; lastKnownFileType = sourcecode.swift; path = "ListPhotos+Maker.swift"; sourceTree = "<group>"; };
		E07FCF6B2BFF99BB003F7649 /* PhotosViewController.swift */ = {isa = PBXFileReference; lastKnownFileType = sourcecode.swift; path = PhotosViewController.swift; sourceTree = "<group>"; };
		E07FCF6E2BFF9E0B003F7649 /* PhotosViewModel.swift */ = {isa = PBXFileReference; lastKnownFileType = sourcecode.swift; path = PhotosViewModel.swift; sourceTree = "<group>"; };
		E07FCF702BFFA15F003F7649 /* PhotoItemCell.swift */ = {isa = PBXFileReference; lastKnownFileType = sourcecode.swift; path = PhotoItemCell.swift; sourceTree = "<group>"; };
		E07FCF742BFFA301003F7649 /* PhotoItemCellViewModel.swift */ = {isa = PBXFileReference; lastKnownFileType = sourcecode.swift; path = PhotoItemCellViewModel.swift; sourceTree = "<group>"; };
		E0A0850A2C048F6E004F7895 /* en */ = {isa = PBXFileReference; lastKnownFileType = text.plist.strings; name = en; path = en.lproj/Photos.strings; sourceTree = "<group>"; };
		E0A0850C2C04907E004F7895 /* PhotosLocalized.swift */ = {isa = PBXFileReference; lastKnownFileType = sourcecode.swift; path = PhotosLocalized.swift; sourceTree = "<group>"; };
		E0A0850E2C0496D6004F7895 /* Error+Localized.swift */ = {isa = PBXFileReference; lastKnownFileType = sourcecode.swift; path = "Error+Localized.swift"; sourceTree = "<group>"; };
		E0A085132C04B2D6004F7895 /* LocalizedErrorTests.swift */ = {isa = PBXFileReference; lastKnownFileType = sourcecode.swift; path = LocalizedErrorTests.swift; sourceTree = "<group>"; };
		E0EAD4922C038D0300DD118B /* SpyPhotoCoordinatorDelegate.swift */ = {isa = PBXFileReference; lastKnownFileType = sourcecode.swift; path = SpyPhotoCoordinatorDelegate.swift; sourceTree = "<group>"; };
		E0F6C0872C037B180001A0C8 /* ImageCacheService.swift */ = {isa = PBXFileReference; lastKnownFileType = sourcecode.swift; path = ImageCacheService.swift; sourceTree = "<group>"; };
		E0F6C0892C0383F50001A0C8 /* CGImage+Maker.swift */ = {isa = PBXFileReference; lastKnownFileType = sourcecode.swift; path = "CGImage+Maker.swift"; sourceTree = "<group>"; };
		E0F6C08B2C0385370001A0C8 /* PhotosViewModelTests.swift */ = {isa = PBXFileReference; lastKnownFileType = sourcecode.swift; path = PhotosViewModelTests.swift; sourceTree = "<group>"; };
/* End PBXFileReference section */

/* Begin PBXFrameworksBuildPhase section */
		E07FCF232BFF4693003F7649 /* Frameworks */ = {
			isa = PBXFrameworksBuildPhase;
			buildActionMask = 2147483647;
			files = (
			);
			runOnlyForDeploymentPostprocessing = 0;
		};
		E07FCF392BFF4695003F7649 /* Frameworks */ = {
			isa = PBXFrameworksBuildPhase;
			buildActionMask = 2147483647;
			files = (
			);
			runOnlyForDeploymentPostprocessing = 0;
		};
/* End PBXFrameworksBuildPhase section */

/* Begin PBXGroup section */
		E018ACB52C00F806008B82B8 /* Services */ = {
			isa = PBXGroup;
			children = (
				E018ACB32C00F703008B82B8 /* ImageProcessor.swift */,
				E0F6C0872C037B180001A0C8 /* ImageCacheService.swift */,
			);
			path = Services;
			sourceTree = "<group>";
		};
		E07FCF1D2BFF4693003F7649 = {
			isa = PBXGroup;
			children = (
				E07FCF282BFF4693003F7649 /* Fotos */,
				E07FCF3F2BFF4695003F7649 /* FotosTests */,
				E07FCF272BFF4693003F7649 /* Products */,
			);
			sourceTree = "<group>";
		};
		E07FCF272BFF4693003F7649 /* Products */ = {
			isa = PBXGroup;
			children = (
				E07FCF262BFF4693003F7649 /* Fotos.app */,
				E07FCF3C2BFF4695003F7649 /* FotosTests.xctest */,
			);
			name = Products;
			sourceTree = "<group>";
		};
		E07FCF282BFF4693003F7649 /* Fotos */ = {
			isa = PBXGroup;
			children = (
				E07FCF292BFF4693003F7649 /* AppDelegate.swift */,
				E07FCF2B2BFF4693003F7649 /* SceneDelegate.swift */,
				E07FCF322BFF4695003F7649 /* Assets.xcassets */,
				E07FCF342BFF4695003F7649 /* LaunchScreen.storyboard */,
				E07FCF372BFF4695003F7649 /* Info.plist */,
				E07FCF5B2BFF47DD003F7649 /* API */,
				E018ACB52C00F806008B82B8 /* Services */,
				E07FCF6D2BFF9DE6003F7649 /* Presentation */,
			);
			path = Fotos;
			sourceTree = "<group>";
		};
		E07FCF3F2BFF4695003F7649 /* FotosTests */ = {
			isa = PBXGroup;
			children = (
				E07FCF622BFF7111003F7649 /* LoadPhotosFromRemoteUseCaseTests.swift */,
				E059F1712C023E220090C54F /* PhotoDetailsViewModelTests.swift */,
				E059F1732C0249CA0090C54F /* PhotoItemCellViewModelTests.swift */,
				E0F6C08B2C0385370001A0C8 /* PhotosViewModelTests.swift */,
				E0A085132C04B2D6004F7895 /* LocalizedErrorTests.swift */,
				E07FCF662BFF716B003F7649 /* Helper */,
			);
			path = FotosTests;
			sourceTree = "<group>";
		};
		E07FCF5B2BFF47DD003F7649 /* API */ = {
			isa = PBXGroup;
			children = (
				E07FCF592BFF47C3003F7649 /* HTTPClient.swift */,
				E07FCF5C2BFF519A003F7649 /* Photos.swift */,
				E07FCF5E2BFF6C06003F7649 /* RemotePhotosLoader.swift */,
				E07FCF602BFF6C70003F7649 /* PhotosMapper.swift */,
			);
			path = API;
			sourceTree = "<group>";
		};
		E07FCF662BFF716B003F7649 /* Helper */ = {
			isa = PBXGroup;
			children = (
				E07FCF642BFF7164003F7649 /* XCTestCase+Helper.swift */,
				E07FCF672BFF71B0003F7649 /* MockHTTPClient.swift */,
				E059F1752C024A0E0090C54F /* MockImageProcessor.swift */,
				E07FCF692BFF750E003F7649 /* ListPhotos+Maker.swift */,
				E0F6C0892C0383F50001A0C8 /* CGImage+Maker.swift */,
				E0EAD4922C038D0300DD118B /* SpyPhotoCoordinatorDelegate.swift */,
			);
			path = Helper;
			sourceTree = "<group>";
		};
		E07FCF6D2BFF9DE6003F7649 /* Presentation */ = {
			isa = PBXGroup;
			children = (
				E059F16B2C0221E10090C54F /* PhotosCoordinator.swift */,
				E0A085102C04B24F004F7895 /* Photos List */,
				E0A085112C04B260004F7895 /* Photo Detail */,
				E0A085122C04B282004F7895 /* Localized */,
			);
			path = Presentation;
			sourceTree = "<group>";
		};
		E0A085102C04B24F004F7895 /* Photos List */ = {
			isa = PBXGroup;
			children = (
				E07FCF6B2BFF99BB003F7649 /* PhotosViewController.swift */,
				E07FCF6E2BFF9E0B003F7649 /* PhotosViewModel.swift */,
				E07FCF702BFFA15F003F7649 /* PhotoItemCell.swift */,
				E07FCF742BFFA301003F7649 /* PhotoItemCellViewModel.swift */,
			);
			path = "Photos List";
			sourceTree = "<group>";
		};
		E0A085112C04B260004F7895 /* Photo Detail */ = {
			isa = PBXGroup;
			children = (
				E059F16D2C0227780090C54F /* PhotoDetailsViewController.swift */,
				E059F16F2C02278E0090C54F /* PhotoDetailsViewModel.swift */,
			);
			path = "Photo Detail";
			sourceTree = "<group>";
		};
		E0A085122C04B282004F7895 /* Localized */ = {
			isa = PBXGroup;
			children = (
				E0A085092C048F6E004F7895 /* Photos.strings */,
				E0A0850C2C04907E004F7895 /* PhotosLocalized.swift */,
				E0A0850E2C0496D6004F7895 /* Error+Localized.swift */,
			);
			path = Localized;
			sourceTree = "<group>";
		};
/* End PBXGroup section */

/* Begin PBXNativeTarget section */
		E07FCF252BFF4693003F7649 /* Fotos */ = {
			isa = PBXNativeTarget;
			buildConfigurationList = E07FCF502BFF4695003F7649 /* Build configuration list for PBXNativeTarget "Fotos" */;
			buildPhases = (
				E07FCF222BFF4693003F7649 /* Sources */,
				E07FCF232BFF4693003F7649 /* Frameworks */,
				E07FCF242BFF4693003F7649 /* Resources */,
			);
			buildRules = (
			);
			dependencies = (
			);
			name = Fotos;
			productName = Fotos;
			productReference = E07FCF262BFF4693003F7649 /* Fotos.app */;
			productType = "com.apple.product-type.application";
		};
		E07FCF3B2BFF4695003F7649 /* FotosTests */ = {
			isa = PBXNativeTarget;
			buildConfigurationList = E07FCF532BFF4695003F7649 /* Build configuration list for PBXNativeTarget "FotosTests" */;
			buildPhases = (
				E07FCF382BFF4695003F7649 /* Sources */,
				E07FCF392BFF4695003F7649 /* Frameworks */,
				E07FCF3A2BFF4695003F7649 /* Resources */,
			);
			buildRules = (
			);
			dependencies = (
				E07FCF3E2BFF4695003F7649 /* PBXTargetDependency */,
			);
			name = FotosTests;
			productName = FotosTests;
			productReference = E07FCF3C2BFF4695003F7649 /* FotosTests.xctest */;
			productType = "com.apple.product-type.bundle.unit-test";
		};
/* End PBXNativeTarget section */

/* Begin PBXProject section */
		E07FCF1E2BFF4693003F7649 /* Project object */ = {
			isa = PBXProject;
			attributes = {
				BuildIndependentTargetsInParallel = 1;
				LastSwiftUpdateCheck = 1540;
				LastUpgradeCheck = 1540;
				TargetAttributes = {
					E07FCF252BFF4693003F7649 = {
						CreatedOnToolsVersion = 15.4;
					};
					E07FCF3B2BFF4695003F7649 = {
						CreatedOnToolsVersion = 15.4;
						TestTargetID = E07FCF252BFF4693003F7649;
					};
				};
			};
			buildConfigurationList = E07FCF212BFF4693003F7649 /* Build configuration list for PBXProject "Fotos" */;
			compatibilityVersion = "Xcode 14.0";
			developmentRegion = en;
			hasScannedForEncodings = 0;
			knownRegions = (
				en,
				Base,
			);
			mainGroup = E07FCF1D2BFF4693003F7649;
			productRefGroup = E07FCF272BFF4693003F7649 /* Products */;
			projectDirPath = "";
			projectRoot = "";
			targets = (
				E07FCF252BFF4693003F7649 /* Fotos */,
				E07FCF3B2BFF4695003F7649 /* FotosTests */,
			);
		};
/* End PBXProject section */

/* Begin PBXResourcesBuildPhase section */
		E07FCF242BFF4693003F7649 /* Resources */ = {
			isa = PBXResourcesBuildPhase;
			buildActionMask = 2147483647;
			files = (
				E07FCF332BFF4695003F7649 /* Assets.xcassets in Resources */,
				E07FCF362BFF4695003F7649 /* Base in Resources */,
				E0A0850B2C048F6E004F7895 /* Photos.strings in Resources */,
			);
			runOnlyForDeploymentPostprocessing = 0;
		};
		E07FCF3A2BFF4695003F7649 /* Resources */ = {
			isa = PBXResourcesBuildPhase;
			buildActionMask = 2147483647;
			files = (
			);
			runOnlyForDeploymentPostprocessing = 0;
		};
/* End PBXResourcesBuildPhase section */

/* Begin PBXSourcesBuildPhase section */
		E07FCF222BFF4693003F7649 /* Sources */ = {
			isa = PBXSourcesBuildPhase;
			buildActionMask = 2147483647;
			files = (
				E07FCF612BFF6C70003F7649 /* PhotosMapper.swift in Sources */,
				E018ACB42C00F703008B82B8 /* ImageProcessor.swift in Sources */,
				E07FCF6F2BFF9E0B003F7649 /* PhotosViewModel.swift in Sources */,
				E059F16C2C0221E10090C54F /* PhotosCoordinator.swift in Sources */,
				E0A0850D2C04907E004F7895 /* PhotosLocalized.swift in Sources */,
				E07FCF6C2BFF99BB003F7649 /* PhotosViewController.swift in Sources */,
				E059F16E2C0227780090C54F /* PhotoDetailsViewController.swift in Sources */,
				E07FCF5F2BFF6C06003F7649 /* RemotePhotosLoader.swift in Sources */,
				E07FCF2A2BFF4693003F7649 /* AppDelegate.swift in Sources */,
				E07FCF5A2BFF47C3003F7649 /* HTTPClient.swift in Sources */,
				E07FCF712BFFA15F003F7649 /* PhotoItemCell.swift in Sources */,
				E07FCF5D2BFF519A003F7649 /* Photos.swift in Sources */,
				E0A0850F2C0496D6004F7895 /* Error+Localized.swift in Sources */,
				E07FCF2C2BFF4693003F7649 /* SceneDelegate.swift in Sources */,
				E059F1702C02278E0090C54F /* PhotoDetailsViewModel.swift in Sources */,
				E07FCF752BFFA301003F7649 /* PhotoItemCellViewModel.swift in Sources */,
				E0F6C0882C037B180001A0C8 /* ImageCacheService.swift in Sources */,
			);
			runOnlyForDeploymentPostprocessing = 0;
		};
		E07FCF382BFF4695003F7649 /* Sources */ = {
			isa = PBXSourcesBuildPhase;
			buildActionMask = 2147483647;
			files = (
				E07FCF652BFF7164003F7649 /* XCTestCase+Helper.swift in Sources */,
				E07FCF6A2BFF750E003F7649 /* ListPhotos+Maker.swift in Sources */,
				E059F1742C0249CA0090C54F /* PhotoItemCellViewModelTests.swift in Sources */,
				E059F1722C023E220090C54F /* PhotoDetailsViewModelTests.swift in Sources */,
				E07FCF632BFF7111003F7649 /* LoadPhotosFromRemoteUseCaseTests.swift in Sources */,
				E0A085142C04B2D6004F7895 /* LocalizedErrorTests.swift in Sources */,
				E0F6C08C2C0385370001A0C8 /* PhotosViewModelTests.swift in Sources */,
				E07FCF682BFF71B0003F7649 /* MockHTTPClient.swift in Sources */,
				E0EAD4932C038D0300DD118B /* SpyPhotoCoordinatorDelegate.swift in Sources */,
				E0F6C08A2C0383F50001A0C8 /* CGImage+Maker.swift in Sources */,
				E059F1762C024A0E0090C54F /* MockImageProcessor.swift in Sources */,
			);
			runOnlyForDeploymentPostprocessing = 0;
		};
/* End PBXSourcesBuildPhase section */

/* Begin PBXTargetDependency section */
		E07FCF3E2BFF4695003F7649 /* PBXTargetDependency */ = {
			isa = PBXTargetDependency;
			target = E07FCF252BFF4693003F7649 /* Fotos */;
			targetProxy = E07FCF3D2BFF4695003F7649 /* PBXContainerItemProxy */;
		};
/* End PBXTargetDependency section */

/* Begin PBXVariantGroup section */
		E07FCF342BFF4695003F7649 /* LaunchScreen.storyboard */ = {
			isa = PBXVariantGroup;
			children = (
				E07FCF352BFF4695003F7649 /* Base */,
			);
			name = LaunchScreen.storyboard;
			sourceTree = "<group>";
		};
		E0A085092C048F6E004F7895 /* Photos.strings */ = {
			isa = PBXVariantGroup;
			children = (
				E0A0850A2C048F6E004F7895 /* en */,
			);
			name = Photos.strings;
			sourceTree = "<group>";
		};
/* End PBXVariantGroup section */

/* Begin XCBuildConfiguration section */
		E07FCF4E2BFF4695003F7649 /* Debug */ = {
			isa = XCBuildConfiguration;
			buildSettings = {
				ALWAYS_SEARCH_USER_PATHS = NO;
				ASSETCATALOG_COMPILER_GENERATE_SWIFT_ASSET_SYMBOL_EXTENSIONS = YES;
				CLANG_ANALYZER_NONNULL = YES;
				CLANG_ANALYZER_NUMBER_OBJECT_CONVERSION = YES_AGGRESSIVE;
				CLANG_CXX_LANGUAGE_STANDARD = "gnu++20";
				CLANG_ENABLE_MODULES = YES;
				CLANG_ENABLE_OBJC_ARC = YES;
				CLANG_ENABLE_OBJC_WEAK = YES;
				CLANG_WARN_BLOCK_CAPTURE_AUTORELEASING = YES;
				CLANG_WARN_BOOL_CONVERSION = YES;
				CLANG_WARN_COMMA = YES;
				CLANG_WARN_CONSTANT_CONVERSION = YES;
				CLANG_WARN_DEPRECATED_OBJC_IMPLEMENTATIONS = YES;
				CLANG_WARN_DIRECT_OBJC_ISA_USAGE = YES_ERROR;
				CLANG_WARN_DOCUMENTATION_COMMENTS = YES;
				CLANG_WARN_EMPTY_BODY = YES;
				CLANG_WARN_ENUM_CONVERSION = YES;
				CLANG_WARN_INFINITE_RECURSION = YES;
				CLANG_WARN_INT_CONVERSION = YES;
				CLANG_WARN_NON_LITERAL_NULL_CONVERSION = YES;
				CLANG_WARN_OBJC_IMPLICIT_RETAIN_SELF = YES;
				CLANG_WARN_OBJC_LITERAL_CONVERSION = YES;
				CLANG_WARN_OBJC_ROOT_CLASS = YES_ERROR;
				CLANG_WARN_QUOTED_INCLUDE_IN_FRAMEWORK_HEADER = YES;
				CLANG_WARN_RANGE_LOOP_ANALYSIS = YES;
				CLANG_WARN_STRICT_PROTOTYPES = YES;
				CLANG_WARN_SUSPICIOUS_MOVE = YES;
				CLANG_WARN_UNGUARDED_AVAILABILITY = YES_AGGRESSIVE;
				CLANG_WARN_UNREACHABLE_CODE = YES;
				CLANG_WARN__DUPLICATE_METHOD_MATCH = YES;
				COPY_PHASE_STRIP = NO;
				DEBUG_INFORMATION_FORMAT = dwarf;
				ENABLE_STRICT_OBJC_MSGSEND = YES;
				ENABLE_TESTABILITY = YES;
				ENABLE_USER_SCRIPT_SANDBOXING = YES;
				GCC_C_LANGUAGE_STANDARD = gnu17;
				GCC_DYNAMIC_NO_PIC = NO;
				GCC_NO_COMMON_BLOCKS = YES;
				GCC_OPTIMIZATION_LEVEL = 0;
				GCC_PREPROCESSOR_DEFINITIONS = (
					"DEBUG=1",
					"$(inherited)",
				);
				GCC_WARN_64_TO_32_BIT_CONVERSION = YES;
				GCC_WARN_ABOUT_RETURN_TYPE = YES_ERROR;
				GCC_WARN_UNDECLARED_SELECTOR = YES;
				GCC_WARN_UNINITIALIZED_AUTOS = YES_AGGRESSIVE;
				GCC_WARN_UNUSED_FUNCTION = YES;
				GCC_WARN_UNUSED_VARIABLE = YES;
				IPHONEOS_DEPLOYMENT_TARGET = 17.5;
				LOCALIZATION_PREFERS_STRING_CATALOGS = YES;
				MTL_ENABLE_DEBUG_INFO = INCLUDE_SOURCE;
				MTL_FAST_MATH = YES;
				ONLY_ACTIVE_ARCH = YES;
				SDKROOT = iphoneos;
				SWIFT_ACTIVE_COMPILATION_CONDITIONS = "DEBUG $(inherited)";
				SWIFT_OPTIMIZATION_LEVEL = "-Onone";
			};
			name = Debug;
		};
		E07FCF4F2BFF4695003F7649 /* Release */ = {
			isa = XCBuildConfiguration;
			buildSettings = {
				ALWAYS_SEARCH_USER_PATHS = NO;
				ASSETCATALOG_COMPILER_GENERATE_SWIFT_ASSET_SYMBOL_EXTENSIONS = YES;
				CLANG_ANALYZER_NONNULL = YES;
				CLANG_ANALYZER_NUMBER_OBJECT_CONVERSION = YES_AGGRESSIVE;
				CLANG_CXX_LANGUAGE_STANDARD = "gnu++20";
				CLANG_ENABLE_MODULES = YES;
				CLANG_ENABLE_OBJC_ARC = YES;
				CLANG_ENABLE_OBJC_WEAK = YES;
				CLANG_WARN_BLOCK_CAPTURE_AUTORELEASING = YES;
				CLANG_WARN_BOOL_CONVERSION = YES;
				CLANG_WARN_COMMA = YES;
				CLANG_WARN_CONSTANT_CONVERSION = YES;
				CLANG_WARN_DEPRECATED_OBJC_IMPLEMENTATIONS = YES;
				CLANG_WARN_DIRECT_OBJC_ISA_USAGE = YES_ERROR;
				CLANG_WARN_DOCUMENTATION_COMMENTS = YES;
				CLANG_WARN_EMPTY_BODY = YES;
				CLANG_WARN_ENUM_CONVERSION = YES;
				CLANG_WARN_INFINITE_RECURSION = YES;
				CLANG_WARN_INT_CONVERSION = YES;
				CLANG_WARN_NON_LITERAL_NULL_CONVERSION = YES;
				CLANG_WARN_OBJC_IMPLICIT_RETAIN_SELF = YES;
				CLANG_WARN_OBJC_LITERAL_CONVERSION = YES;
				CLANG_WARN_OBJC_ROOT_CLASS = YES_ERROR;
				CLANG_WARN_QUOTED_INCLUDE_IN_FRAMEWORK_HEADER = YES;
				CLANG_WARN_RANGE_LOOP_ANALYSIS = YES;
				CLANG_WARN_STRICT_PROTOTYPES = YES;
				CLANG_WARN_SUSPICIOUS_MOVE = YES;
				CLANG_WARN_UNGUARDED_AVAILABILITY = YES_AGGRESSIVE;
				CLANG_WARN_UNREACHABLE_CODE = YES;
				CLANG_WARN__DUPLICATE_METHOD_MATCH = YES;
				COPY_PHASE_STRIP = NO;
				DEBUG_INFORMATION_FORMAT = "dwarf-with-dsym";
				ENABLE_NS_ASSERTIONS = NO;
				ENABLE_STRICT_OBJC_MSGSEND = YES;
				ENABLE_USER_SCRIPT_SANDBOXING = YES;
				GCC_C_LANGUAGE_STANDARD = gnu17;
				GCC_NO_COMMON_BLOCKS = YES;
				GCC_WARN_64_TO_32_BIT_CONVERSION = YES;
				GCC_WARN_ABOUT_RETURN_TYPE = YES_ERROR;
				GCC_WARN_UNDECLARED_SELECTOR = YES;
				GCC_WARN_UNINITIALIZED_AUTOS = YES_AGGRESSIVE;
				GCC_WARN_UNUSED_FUNCTION = YES;
				GCC_WARN_UNUSED_VARIABLE = YES;
				IPHONEOS_DEPLOYMENT_TARGET = 17.5;
				LOCALIZATION_PREFERS_STRING_CATALOGS = YES;
				MTL_ENABLE_DEBUG_INFO = NO;
				MTL_FAST_MATH = YES;
				SDKROOT = iphoneos;
				SWIFT_COMPILATION_MODE = wholemodule;
				VALIDATE_PRODUCT = YES;
			};
			name = Release;
		};
		E07FCF512BFF4695003F7649 /* Debug */ = {
			isa = XCBuildConfiguration;
			buildSettings = {
				ASSETCATALOG_COMPILER_APPICON_NAME = AppIcon;
				ASSETCATALOG_COMPILER_GLOBAL_ACCENT_COLOR_NAME = AccentColor;
				CODE_SIGN_STYLE = Automatic;
				CURRENT_PROJECT_VERSION = 1;
				DEVELOPMENT_TEAM = LJ343FGL8R;
				GENERATE_INFOPLIST_FILE = YES;
				INFOPLIST_FILE = Fotos/Info.plist;
				INFOPLIST_KEY_UIApplicationSupportsIndirectInputEvents = YES;
				INFOPLIST_KEY_UILaunchStoryboardName = LaunchScreen;
				INFOPLIST_KEY_UISupportedInterfaceOrientations_iPad = "UIInterfaceOrientationPortrait UIInterfaceOrientationPortraitUpsideDown UIInterfaceOrientationLandscapeLeft UIInterfaceOrientationLandscapeRight";
				INFOPLIST_KEY_UISupportedInterfaceOrientations_iPhone = "UIInterfaceOrientationPortrait UIInterfaceOrientationLandscapeLeft UIInterfaceOrientationLandscapeRight";
				LD_RUNPATH_SEARCH_PATHS = (
					"$(inherited)",
					"@executable_path/Frameworks",
				);
				MARKETING_VERSION = 1.0;
				PRODUCT_BUNDLE_IDENTIFIER = com.fotos.Fotos;
				PRODUCT_NAME = "$(TARGET_NAME)";
				SWIFT_EMIT_LOC_STRINGS = YES;
				SWIFT_VERSION = 5.0;
				TARGETED_DEVICE_FAMILY = "1,2";
			};
			name = Debug;
		};
		E07FCF522BFF4695003F7649 /* Release */ = {
			isa = XCBuildConfiguration;
			buildSettings = {
				ASSETCATALOG_COMPILER_APPICON_NAME = AppIcon;
				ASSETCATALOG_COMPILER_GLOBAL_ACCENT_COLOR_NAME = AccentColor;
				CODE_SIGN_STYLE = Automatic;
				CURRENT_PROJECT_VERSION = 1;
				DEVELOPMENT_TEAM = LJ343FGL8R;
				GENERATE_INFOPLIST_FILE = YES;
				INFOPLIST_FILE = Fotos/Info.plist;
				INFOPLIST_KEY_UIApplicationSupportsIndirectInputEvents = YES;
				INFOPLIST_KEY_UILaunchStoryboardName = LaunchScreen;
				INFOPLIST_KEY_UISupportedInterfaceOrientations_iPad = "UIInterfaceOrientationPortrait UIInterfaceOrientationPortraitUpsideDown UIInterfaceOrientationLandscapeLeft UIInterfaceOrientationLandscapeRight";
				INFOPLIST_KEY_UISupportedInterfaceOrientations_iPhone = "UIInterfaceOrientationPortrait UIInterfaceOrientationLandscapeLeft UIInterfaceOrientationLandscapeRight";
				LD_RUNPATH_SEARCH_PATHS = (
					"$(inherited)",
					"@executable_path/Frameworks",
				);
				MARKETING_VERSION = 1.0;
				PRODUCT_BUNDLE_IDENTIFIER = com.fotos.Fotos;
				PRODUCT_NAME = "$(TARGET_NAME)";
				SWIFT_EMIT_LOC_STRINGS = YES;
				SWIFT_VERSION = 5.0;
				TARGETED_DEVICE_FAMILY = "1,2";
			};
			name = Release;
		};
		E07FCF542BFF4695003F7649 /* Debug */ = {
			isa = XCBuildConfiguration;
			buildSettings = {
				ALWAYS_EMBED_SWIFT_STANDARD_LIBRARIES = YES;
				BUNDLE_LOADER = "$(TEST_HOST)";
				CODE_SIGN_STYLE = Automatic;
				CURRENT_PROJECT_VERSION = 1;
				DEVELOPMENT_TEAM = LJ343FGL8R;
				GENERATE_INFOPLIST_FILE = YES;
				IPHONEOS_DEPLOYMENT_TARGET = 17.5;
				MARKETING_VERSION = 1.0;
				PRODUCT_BUNDLE_IDENTIFIER = com.fotos.FotosTests;
				PRODUCT_NAME = "$(TARGET_NAME)";
				SWIFT_EMIT_LOC_STRINGS = NO;
				SWIFT_VERSION = 5.0;
				TARGETED_DEVICE_FAMILY = "1,2";
				TEST_HOST = "$(BUILT_PRODUCTS_DIR)/Fotos.app/$(BUNDLE_EXECUTABLE_FOLDER_PATH)/Fotos";
			};
			name = Debug;
		};
		E07FCF552BFF4695003F7649 /* Release */ = {
			isa = XCBuildConfiguration;
			buildSettings = {
				ALWAYS_EMBED_SWIFT_STANDARD_LIBRARIES = YES;
				BUNDLE_LOADER = "$(TEST_HOST)";
				CODE_SIGN_STYLE = Automatic;
				CURRENT_PROJECT_VERSION = 1;
				DEVELOPMENT_TEAM = LJ343FGL8R;
				GENERATE_INFOPLIST_FILE = YES;
				IPHONEOS_DEPLOYMENT_TARGET = 17.5;
				MARKETING_VERSION = 1.0;
				PRODUCT_BUNDLE_IDENTIFIER = com.fotos.FotosTests;
				PRODUCT_NAME = "$(TARGET_NAME)";
				SWIFT_EMIT_LOC_STRINGS = NO;
				SWIFT_VERSION = 5.0;
				TARGETED_DEVICE_FAMILY = "1,2";
				TEST_HOST = "$(BUILT_PRODUCTS_DIR)/Fotos.app/$(BUNDLE_EXECUTABLE_FOLDER_PATH)/Fotos";
			};
			name = Release;
		};
/* End XCBuildConfiguration section */

/* Begin XCConfigurationList section */
		E07FCF212BFF4693003F7649 /* Build configuration list for PBXProject "Fotos" */ = {
			isa = XCConfigurationList;
			buildConfigurations = (
				E07FCF4E2BFF4695003F7649 /* Debug */,
				E07FCF4F2BFF4695003F7649 /* Release */,
			);
			defaultConfigurationIsVisible = 0;
			defaultConfigurationName = Release;
		};
		E07FCF502BFF4695003F7649 /* Build configuration list for PBXNativeTarget "Fotos" */ = {
			isa = XCConfigurationList;
			buildConfigurations = (
				E07FCF512BFF4695003F7649 /* Debug */,
				E07FCF522BFF4695003F7649 /* Release */,
			);
			defaultConfigurationIsVisible = 0;
			defaultConfigurationName = Release;
		};
		E07FCF532BFF4695003F7649 /* Build configuration list for PBXNativeTarget "FotosTests" */ = {
			isa = XCConfigurationList;
			buildConfigurations = (
				E07FCF542BFF4695003F7649 /* Debug */,
				E07FCF552BFF4695003F7649 /* Release */,
			);
			defaultConfigurationIsVisible = 0;
			defaultConfigurationName = Release;
		};
/* End XCConfigurationList section */
	};
	rootObject = E07FCF1E2BFF4693003F7649 /* Project object */;
}
